
Microsoft Visual Studio Solution File, Format Version 11.00
# Visual Studio 2010
Project("{FAE04EC0-301F-11D3-BF4B-00C04F79EFBC}") = "Assembly-CSharp", "Assembly-CSharp.csproj", "{03AE4CE2-75D1-7A7B-1572-5F430A63C521}"
EndProject
Project("{FAE04EC0-301F-11D3-BF4B-00C04F79EFBC}") = "RTLTMPro", "RTLTMPro.csproj", "{8E2273D7-804E-6892-1C41-2B10F9DF7AE7}"
EndProject
Project("{FAE04EC0-301F-11D3-BF4B-00C04F79EFBC}") = "RTLTMPro-Editor", "RTLTMPro-Editor.csproj", "{2AE7A326-601F-7DE6-DB8B-87746595C587}"
EndProject
Project("{FAE04EC0-301F-11D3-BF4B-00C04F79EFBC}") = "RTLTMPro-Tests", "RTLTMPro-Tests.csproj", "{0A928186-E6FE-08BC-E81A-C8793E46E7EC}"
EndProject
Global
	GlobalSection(SolutionConfigurationPlatforms) = preSolution
		Debug|Any CPU = Debug|Any CPU
		Release|Any CPU = Release|Any CPU
	EndGlobalSection
	GlobalSection(ProjectConfigurationPlatforms) = postSolution
		{03AE4CE2-75D1-7A7B-1572-5F430A63C521}.Debug|Any CPU.ActiveCfg = Debug|Any CPU
		{03AE4CE2-75D1-7A7B-1572-5F430A63C521}.Debug|Any CPU.Build.0 = Debug|Any CPU
		{03AE4CE2-75D1-7A7B-1572-5F430A63C521}.Release|Any CPU.ActiveCfg = Release|Any CPU
		{03AE4CE2-75D1-7A7B-1572-5F430A63C521}.Release|Any CPU.Build.0 = Release|Any CPU
		{8E2273D7-804E-6892-1C41-2B10F9DF7AE7}.Debug|Any CPU.ActiveCfg = Debug|Any CPU
		{8E2273D7-804E-6892-1C41-2B10F9DF7AE7}.Debug|Any CPU.Build.0 = Debug|Any CPU
		{8E2273D7-804E-6892-1C41-2B10F9DF7AE7}.Release|Any CPU.ActiveCfg = Release|Any CPU
		{8E2273D7-804E-6892-1C41-2B10F9DF7AE7}.Release|Any CPU.Build.0 = Release|Any CPU
		{2AE7A326-601F-7DE6-DB8B-87746595C587}.Debug|Any CPU.ActiveCfg = Debug|Any CPU
		{2AE7A326-601F-7DE6-DB8B-87746595C587}.Debug|Any CPU.Build.0 = Debug|Any CPU
		{2AE7A326-601F-7DE6-DB8B-87746595C587}.Release|Any CPU.ActiveCfg = Release|Any CPU
		{2AE7A326-601F-7DE6-DB8B-87746595C587}.Release|Any CPU.Build.0 = Release|Any CPU
		{0A928186-E6FE-08BC-E81A-C8793E46E7EC}.Debug|Any CPU.ActiveCfg = Debug|Any CPU
		{0A928186-E6FE-08BC-E81A-C8793E46E7EC}.Debug|Any CPU.Build.0 = Debug|Any CPU
		{0A928186-E6FE-08BC-E81A-C8793E46E7EC}.Release|Any CPU.ActiveCfg = Release|Any CPU
		{0A928186-E6FE-08BC-E81A-C8793E46E7EC}.Release|Any CPU.Build.0 = Release|Any CPU
	EndGlobalSection
	GlobalSection(SolutionProperties) = preSolution
		HideSolutionNode = FALSE
	EndGlobalSection
EndGlobal
